<?xml version="1.0" encoding="utf-8"?>
<Project ToolsVersion="4.0" xmlns="http://schemas.microsoft.com/developer/msbuild/2003">
  <ItemGroup>
    <Filter Include="Source Files">
      <UniqueIdentifier>{4FC737F1-C7A5-4376-A066-2A32D752A2FF}</UniqueIdentifier>
      <Extensions>cpp;c;cc;cxx;def;odl;idl;hpj;bat;asm;asmx</Extensions>
    </Filter>
    <Filter Include="Header Files">
      <UniqueIdentifier>{93995380-89BD-4b04-88EB-625FBE52EBFB}</UniqueIdentifier>
      <Extensions>h;hh;hpp;hxx;hm;inl;inc;xsd</Extensions>
    </Filter>
    <Filter Include="Resource Files">
      <UniqueIdentifier>{67DA6AB6-F800-4c08-8B7A-83BB121AAD01}</UniqueIdentifier>
      <Extensions>rc;ico;cur;bmp;dlg;rc2;rct;bin;rgs;gif;jpg;jpeg;jpe;resx;tiff;tif;png;wav;mfcribbon-ms</Extensions>
    </Filter>
    <Filter Include="Header Files\Dissassembly">
      <UniqueIdentifier>{359084a6-6a48-4ec8-a727-f3dc5ed5073d}</UniqueIdentifier>
    </Filter>
    <Filter Include="Header Files\PDB Query">
      <UniqueIdentifier>{ea12684c-09cb-4bef-8b24-d1ebe3c32ad8}</UniqueIdentifier>
    </Filter>
    <Filter Include="Header Files\Common">
      <UniqueIdentifier>{46a39944-1c4d-446a-94a7-a692013e47d1}</UniqueIdentifier>
    </Filter>
    <Filter Include="Header Files\Common\IPC">
      <UniqueIdentifier>{919b5691-47a3-421e-8b43-c3f3b98d09a3}</UniqueIdentifier>
    </Filter>
  </ItemGroup>
  <ItemGroup>
    <Text Include="ReadMe.txt" />
  </ItemGroup>
  <ItemGroup>
    <ClCompile Include="dllmain.cpp">
      <Filter>Source Files</Filter>
    </ClCompile>
    <ClCompile Include="DissasemblyRoutines.cpp">
      <Filter>Source Files</Filter>
    </ClCompile>
    <ClCompile Include="..\PolyHook\PolyHook\PolyHook.cpp">
      <Filter>Source Files</Filter>
    </ClCompile>
  </ItemGroup>
  <ItemGroup>
    <ClInclude Include="Tools.h">
      <Filter>Header Files</Filter>
    </ClInclude>
    <ClInclude Include="Dissassembly\DissasemblyRoutines.h">
      <Filter>Header Files\Dissassembly</Filter>
    </ClInclude>
    <ClInclude Include="HookHandler64.h">
      <Filter>Header Files</Filter>
    </ClInclude>
    <ClInclude Include="HookHandler86.h">
      <Filter>Header Files</Filter>
    </ClInclude>
    <ClInclude Include="PDB Query\PDBReader.h">
      <Filter>Header Files\PDB Query</Filter>
    </ClInclude>
    <ClInclude Include="..\PolyHook\PolyHook\PolyHook.h">
      <Filter>Header Files</Filter>
    </ClInclude>
    <ClInclude Include="..\Common\IPC\SharedMemMutex.h">
      <Filter>Header Files\Common\IPC</Filter>
    </ClInclude>
    <ClInclude Include="..\Common\IPC\SharedMemQueue.h">
      <Filter>Header Files\Common\IPC</Filter>
    </ClInclude>
    <ClInclude Include="..\Common\Utilities.h">
      <Filter>Header Files\Common</Filter>
    </ClInclude>
    <ClInclude Include="..\Common\IPC\SharedSignal.h">
      <Filter>Header Files\Common\IPC</Filter>
    </ClInclude>
  </ItemGroup>
</Project>